
Microsoft Visual Studio Solution File, Format Version 12.00
# Visual Studio Version 16
VisualStudioVersion = 16.0.30709.64
MinimumVisualStudioVersion = 10.0.40219.1
Project("{FAE04EC0-301F-11D3-BF4B-00C04F79EFBC}") = "BulkyBook", "BulkyBook\BulkyBook.csproj", "{FDBC27CB-5093-4A4C-95AF-55D8CA4A317B}"
EndProject
Global
	GlobalSection(SolutionConfigurationPlatforms) = preSolution
		Debug|Any CPU = Debug|Any CPU
		Release|Any CPU = Release|Any CPU
	EndGlobalSection
	GlobalSection(ProjectConfigurationPlatforms) = postSolution
		{FDBC27CB-5093-4A4C-95AF-55D8CA4A317B}.Debug|Any CPU.ActiveCfg = Debug|Any CPU
		{FDBC27CB-5093-4A4C-95AF-55D8CA4A317B}.Debug|Any CPU.Build.0 = Debug|Any CPU
		{FDBC27CB-5093-4A4C-95AF-55D8CA4A317B}.Release|Any CPU.ActiveCfg = Release|Any CPU
		{FDBC27CB-5093-4A4C-95AF-55D8CA4A317B}.Release|Any CPU.Build.0 = Release|Any CPU
	EndGlobalSection
	GlobalSection(SolutionProperties) = preSolution
		HideSolutionNode = FALSE
	EndGlobalSection
	GlobalSection(ExtensibilityGlobals) = postSolution
		SolutionGuid = {94ADAD44-19A6-4BC1-AAC2-4AF6161AF5D4}
	EndGlobalSection
EndGlobal
